
Microsoft Visual Studio Solution File, Format Version 12.00
# Visual Studio Version 17
VisualStudioVersion = 17.14.36414.22 d17.14
MinimumVisualStudioVersion = 10.0.40219.1
Project("{FAE04EC0-301F-11D3-BF4B-00C04F79EFBC}") = "PrasTestProject", "PrasTestProject\PrasTestProject.csproj", "{2B1D0589-13E2-45E9-8666-87E02BB35DC9}"
EndProject
Global
	GlobalSection(SolutionConfigurationPlatforms) = preSolution
		Debug|Any CPU = Debug|Any CPU
		Release|Any CPU = Release|Any CPU
	EndGlobalSection
	GlobalSection(ProjectConfigurationPlatforms) = postSolution
		{2B1D0589-13E2-45E9-8666-87E02BB35DC9}.Debug|Any CPU.ActiveCfg = Debug|Any CPU
		{2B1D0589-13E2-45E9-8666-87E02BB35DC9}.Debug|Any CPU.Build.0 = Debug|Any CPU
		{2B1D0589-13E2-45E9-8666-87E02BB35DC9}.Release|Any CPU.ActiveCfg = Release|Any CPU
		{2B1D0589-13E2-45E9-8666-87E02BB35DC9}.Release|Any CPU.Build.0 = Release|Any CPU
	EndGlobalSection
	GlobalSection(SolutionProperties) = preSolution
		HideSolutionNode = FALSE
	EndGlobalSection
	GlobalSection(ExtensibilityGlobals) = postSolution
		SolutionGuid = {C8E76D12-C0F0-493D-8B14-083CE31CC020}
	EndGlobalSection
EndGlobal
